
Microsoft Visual Studio Solution File, Format Version 12.00
# Visual Studio Version 17
VisualStudioVersion = 17.0.31521.260
MinimumVisualStudioVersion = 10.0.40219.1
Project("{2150E333-8FDC-42A3-9474-1A3956D46DE8}") = "Infrastructure", "Infrastructure", "{12F22B8A-CD50-4C4C-9EF9-3ED039FC1531}"
EndProject
Project("{2150E333-8FDC-42A3-9474-1A3956D46DE8}") = "Repository", "Repository", "{CD6F065A-8D39-4BB5-A517-5026BC9E03D8}"
EndProject
Project("{2150E333-8FDC-42A3-9474-1A3956D46DE8}") = "Service", "Service", "{7B99D847-196F-4FCE-8AFB-23043A471AF4}"
EndProject
Project("{9A19103F-16F7-4668-BE54-9A1E7A4F7556}") = "Ly.Admin.Core", "Ly.Admin.Core\Ly.Admin.Core.csproj", "{48689EBB-6F4D-47A8-B9BF-4E0D1656BE16}"
EndProject
Project("{9A19103F-16F7-4668-BE54-9A1E7A4F7556}") = "Ly.Admin.Model", "Ly.Admin.Model\Ly.Admin.Model.csproj", "{30D11285-4D2B-4310-B4C3-243E3A097E4A}"
EndProject
Project("{9A19103F-16F7-4668-BE54-9A1E7A4F7556}") = "Ly.Admin.Resources", "Ly.Admin.Resources\Ly.Admin.Resources.csproj", "{F425AE8F-BEE2-4957-8F78-5301021A1006}"
EndProject
Project("{9A19103F-16F7-4668-BE54-9A1E7A4F7556}") = "Ly.Admin.Util", "Ly.Admin.Util\Ly.Admin.Util.csproj", "{F9A7477D-FA39-47C6-8BC7-7221A7794B4C}"
EndProject
Project("{9A19103F-16F7-4668-BE54-9A1E7A4F7556}") = "Ly.Admin.IRepositories", "Ly.Admin.IRepositories\Ly.Admin.IRepositories.csproj", "{DAAAA7B7-22AD-4714-B838-10B84DC23F12}"
EndProject
Project("{9A19103F-16F7-4668-BE54-9A1E7A4F7556}") = "Ly.Admin.Repositories", "Ly.Admin.Repositories\Ly.Admin.Repositories.csproj", "{83A95474-26B5-4CDB-82F1-36E8226203FF}"
EndProject
Project("{9A19103F-16F7-4668-BE54-9A1E7A4F7556}") = "Ly.Admin.IServices", "Ly.Admin.IServices\Ly.Admin.IServices.csproj", "{DB1A0DD7-34CB-47E6-9C8B-408945887B18}"
EndProject
Project("{9A19103F-16F7-4668-BE54-9A1E7A4F7556}") = "Ly.Admin.Services", "Ly.Admin.Services\Ly.Admin.Services.csproj", "{31C9A3CB-2F54-4F73-A4D8-3A80E6534EDF}"
EndProject
Project("{9A19103F-16F7-4668-BE54-9A1E7A4F7556}") = "Ly.Admin.Auth", "Ly.Admin.Auth\Ly.Admin.Auth.csproj", "{D4BDF7E0-E4D2-49E3-AEA1-5B8E3C4272A3}"
EndProject
Project("{9A19103F-16F7-4668-BE54-9A1E7A4F7556}") = "Ly.Admin.Data.EF", "Ly.Admin.Data.EF\Ly.Admin.Data.EF.csproj", "{0F0BA09B-3B31-4F61-B6FF-E59198FCA59F}"
EndProject
Project("{FAE04EC0-301F-11D3-BF4B-00C04F79EFBC}") = "Ly.Admin.API", "Ly.Admin.API\Ly.Admin.API.csproj", "{9C2B45DE-2412-4AF1-B20A-B0EEA32633E1}"
EndProject
Project("{FAE04EC0-301F-11D3-BF4B-00C04F79EFBC}") = "Ly.Admin.Web", "Ly.Admin.Web\Ly.Admin.Web.csproj", "{480DAA09-0B7A-4F11-82C1-B34EFC3839C1}"
EndProject
Global
	GlobalSection(SolutionConfigurationPlatforms) = preSolution
		Debug|Any CPU = Debug|Any CPU
		Release|Any CPU = Release|Any CPU
	EndGlobalSection
	GlobalSection(ProjectConfigurationPlatforms) = postSolution
		{48689EBB-6F4D-47A8-B9BF-4E0D1656BE16}.Debug|Any CPU.ActiveCfg = Debug|Any CPU
		{48689EBB-6F4D-47A8-B9BF-4E0D1656BE16}.Debug|Any CPU.Build.0 = Debug|Any CPU
		{48689EBB-6F4D-47A8-B9BF-4E0D1656BE16}.Release|Any CPU.ActiveCfg = Release|Any CPU
		{48689EBB-6F4D-47A8-B9BF-4E0D1656BE16}.Release|Any CPU.Build.0 = Release|Any CPU
		{30D11285-4D2B-4310-B4C3-243E3A097E4A}.Debug|Any CPU.ActiveCfg = Debug|Any CPU
		{30D11285-4D2B-4310-B4C3-243E3A097E4A}.Debug|Any CPU.Build.0 = Debug|Any CPU
		{30D11285-4D2B-4310-B4C3-243E3A097E4A}.Release|Any CPU.ActiveCfg = Release|Any CPU
		{30D11285-4D2B-4310-B4C3-243E3A097E4A}.Release|Any CPU.Build.0 = Release|Any CPU
		{F425AE8F-BEE2-4957-8F78-5301021A1006}.Debug|Any CPU.ActiveCfg = Debug|Any CPU
		{F425AE8F-BEE2-4957-8F78-5301021A1006}.Debug|Any CPU.Build.0 = Debug|Any CPU
		{F425AE8F-BEE2-4957-8F78-5301021A1006}.Release|Any CPU.ActiveCfg = Release|Any CPU
		{F425AE8F-BEE2-4957-8F78-5301021A1006}.Release|Any CPU.Build.0 = Release|Any CPU
		{F9A7477D-FA39-47C6-8BC7-7221A7794B4C}.Debug|Any CPU.ActiveCfg = Debug|Any CPU
		{F9A7477D-FA39-47C6-8BC7-7221A7794B4C}.Debug|Any CPU.Build.0 = Debug|Any CPU
		{F9A7477D-FA39-47C6-8BC7-7221A7794B4C}.Release|Any CPU.ActiveCfg = Release|Any CPU
		{F9A7477D-FA39-47C6-8BC7-7221A7794B4C}.Release|Any CPU.Build.0 = Release|Any CPU
		{DAAAA7B7-22AD-4714-B838-10B84DC23F12}.Debug|Any CPU.ActiveCfg = Debug|Any CPU
		{DAAAA7B7-22AD-4714-B838-10B84DC23F12}.Debug|Any CPU.Build.0 = Debug|Any CPU
		{DAAAA7B7-22AD-4714-B838-10B84DC23F12}.Release|Any CPU.ActiveCfg = Release|Any CPU
		{DAAAA7B7-22AD-4714-B838-10B84DC23F12}.Release|Any CPU.Build.0 = Release|Any CPU
		{83A95474-26B5-4CDB-82F1-36E8226203FF}.Debug|Any CPU.ActiveCfg = Debug|Any CPU
		{83A95474-26B5-4CDB-82F1-36E8226203FF}.Debug|Any CPU.Build.0 = Debug|Any CPU
		{83A95474-26B5-4CDB-82F1-36E8226203FF}.Release|Any CPU.ActiveCfg = Release|Any CPU
		{83A95474-26B5-4CDB-82F1-36E8226203FF}.Release|Any CPU.Build.0 = Release|Any CPU
		{DB1A0DD7-34CB-47E6-9C8B-408945887B18}.Debug|Any CPU.ActiveCfg = Debug|Any CPU
		{DB1A0DD7-34CB-47E6-9C8B-408945887B18}.Debug|Any CPU.Build.0 = Debug|Any CPU
		{DB1A0DD7-34CB-47E6-9C8B-408945887B18}.Release|Any CPU.ActiveCfg = Release|Any CPU
		{DB1A0DD7-34CB-47E6-9C8B-408945887B18}.Release|Any CPU.Build.0 = Release|Any CPU
		{31C9A3CB-2F54-4F73-A4D8-3A80E6534EDF}.Debug|Any CPU.ActiveCfg = Debug|Any CPU
		{31C9A3CB-2F54-4F73-A4D8-3A80E6534EDF}.Debug|Any CPU.Build.0 = Debug|Any CPU
		{31C9A3CB-2F54-4F73-A4D8-3A80E6534EDF}.Release|Any CPU.ActiveCfg = Release|Any CPU
		{31C9A3CB-2F54-4F73-A4D8-3A80E6534EDF}.Release|Any CPU.Build.0 = Release|Any CPU
		{D4BDF7E0-E4D2-49E3-AEA1-5B8E3C4272A3}.Debug|Any CPU.ActiveCfg = Debug|Any CPU
		{D4BDF7E0-E4D2-49E3-AEA1-5B8E3C4272A3}.Debug|Any CPU.Build.0 = Debug|Any CPU
		{D4BDF7E0-E4D2-49E3-AEA1-5B8E3C4272A3}.Release|Any CPU.ActiveCfg = Release|Any CPU
		{D4BDF7E0-E4D2-49E3-AEA1-5B8E3C4272A3}.Release|Any CPU.Build.0 = Release|Any CPU
		{0F0BA09B-3B31-4F61-B6FF-E59198FCA59F}.Debug|Any CPU.ActiveCfg = Debug|Any CPU
		{0F0BA09B-3B31-4F61-B6FF-E59198FCA59F}.Debug|Any CPU.Build.0 = Debug|Any CPU
		{0F0BA09B-3B31-4F61-B6FF-E59198FCA59F}.Release|Any CPU.ActiveCfg = Release|Any CPU
		{0F0BA09B-3B31-4F61-B6FF-E59198FCA59F}.Release|Any CPU.Build.0 = Release|Any CPU
		{9C2B45DE-2412-4AF1-B20A-B0EEA32633E1}.Debug|Any CPU.ActiveCfg = Debug|Any CPU
		{9C2B45DE-2412-4AF1-B20A-B0EEA32633E1}.Debug|Any CPU.Build.0 = Debug|Any CPU
		{9C2B45DE-2412-4AF1-B20A-B0EEA32633E1}.Release|Any CPU.ActiveCfg = Release|Any CPU
		{9C2B45DE-2412-4AF1-B20A-B0EEA32633E1}.Release|Any CPU.Build.0 = Release|Any CPU
		{480DAA09-0B7A-4F11-82C1-B34EFC3839C1}.Debug|Any CPU.ActiveCfg = Debug|Any CPU
		{480DAA09-0B7A-4F11-82C1-B34EFC3839C1}.Debug|Any CPU.Build.0 = Debug|Any CPU
		{480DAA09-0B7A-4F11-82C1-B34EFC3839C1}.Release|Any CPU.ActiveCfg = Release|Any CPU
		{480DAA09-0B7A-4F11-82C1-B34EFC3839C1}.Release|Any CPU.Build.0 = Release|Any CPU
	EndGlobalSection
	GlobalSection(SolutionProperties) = preSolution
		HideSolutionNode = FALSE
	EndGlobalSection
	GlobalSection(NestedProjects) = preSolution
		{48689EBB-6F4D-47A8-B9BF-4E0D1656BE16} = {12F22B8A-CD50-4C4C-9EF9-3ED039FC1531}
		{30D11285-4D2B-4310-B4C3-243E3A097E4A} = {12F22B8A-CD50-4C4C-9EF9-3ED039FC1531}
		{F425AE8F-BEE2-4957-8F78-5301021A1006} = {12F22B8A-CD50-4C4C-9EF9-3ED039FC1531}
		{F9A7477D-FA39-47C6-8BC7-7221A7794B4C} = {12F22B8A-CD50-4C4C-9EF9-3ED039FC1531}
		{DAAAA7B7-22AD-4714-B838-10B84DC23F12} = {CD6F065A-8D39-4BB5-A517-5026BC9E03D8}
		{83A95474-26B5-4CDB-82F1-36E8226203FF} = {CD6F065A-8D39-4BB5-A517-5026BC9E03D8}
		{DB1A0DD7-34CB-47E6-9C8B-408945887B18} = {7B99D847-196F-4FCE-8AFB-23043A471AF4}
		{31C9A3CB-2F54-4F73-A4D8-3A80E6534EDF} = {7B99D847-196F-4FCE-8AFB-23043A471AF4}
		{D4BDF7E0-E4D2-49E3-AEA1-5B8E3C4272A3} = {12F22B8A-CD50-4C4C-9EF9-3ED039FC1531}
		{0F0BA09B-3B31-4F61-B6FF-E59198FCA59F} = {12F22B8A-CD50-4C4C-9EF9-3ED039FC1531}
	EndGlobalSection
	GlobalSection(ExtensibilityGlobals) = postSolution
		SolutionGuid = {EDF84CE0-E7E8-41BD-BB0A-C1AB29EC83E4}
	EndGlobalSection
EndGlobal
